Microsoft Visual Studio Solution File, Format Version 12.00
# Visual Studio Version 17
VisualStudioVersion = 17.5.2.0
MinimumVisualStudioVersion = 10.0.40219.1
Project("{FAE04EC0-301F-11D3-BF4B-00C04F79EFBC}") = "AMGIOTLoadGenerator", "AMGIOTLoadGenerator.csproj", "{1A02B747-D250-7C2F-2227-EFBF7BE1BB5F}"
EndProject
Global
	GlobalSection(SolutionConfigurationPlatforms) = preSolution
		Debug|Any CPU = Debug|Any CPU
		Release|Any CPU = Release|Any CPU
	EndGlobalSection
	GlobalSection(ProjectConfigurationPlatforms) = postSolution
		{1A02B747-D250-7C2F-2227-EFBF7BE1BB5F}.Debug|Any CPU.ActiveCfg = Debug|Any CPU
		{1A02B747-D250-7C2F-2227-EFBF7BE1BB5F}.Debug|Any CPU.Build.0 = Debug|Any CPU
		{1A02B747-D250-7C2F-2227-EFBF7BE1BB5F}.Release|Any CPU.ActiveCfg = Release|Any CPU
		{1A02B747-D250-7C2F-2227-EFBF7BE1BB5F}.Release|Any CPU.Build.0 = Release|Any CPU
	EndGlobalSection
	GlobalSection(SolutionProperties) = preSolution
		HideSolutionNode = FALSE
	EndGlobalSection
	GlobalSection(ExtensibilityGlobals) = postSolution
		SolutionGuid = {54E83C69-F6A7-4E9B-A292-D8F493FCFAE4}
	EndGlobalSection
EndGlobal
